
Microsoft Visual Studio Solution File, Format Version 12.00
# Visual Studio Version 17
VisualStudioVersion = 17.4.33110.190
MinimumVisualStudioVersion = 10.0.40219.1
Project("{FAE04EC0-301F-11D3-BF4B-00C04F79EFBC}") = "firstformsapp", "firstformsapp\firstformsapp.csproj", "{50E0433D-8C43-410A-85B6-3F2EC3366DF0}"
EndProject
Global
	GlobalSection(SolutionConfigurationPlatforms) = preSolution
		Debug|Any CPU = Debug|Any CPU
		Release|Any CPU = Release|Any CPU
	EndGlobalSection
	GlobalSection(ProjectConfigurationPlatforms) = postSolution
		{50E0433D-8C43-410A-85B6-3F2EC3366DF0}.Debug|Any CPU.ActiveCfg = Debug|Any CPU
		{50E0433D-8C43-410A-85B6-3F2EC3366DF0}.Debug|Any CPU.Build.0 = Debug|Any CPU
		{50E0433D-8C43-410A-85B6-3F2EC3366DF0}.Release|Any CPU.ActiveCfg = Release|Any CPU
		{50E0433D-8C43-410A-85B6-3F2EC3366DF0}.Release|Any CPU.Build.0 = Release|Any CPU
	EndGlobalSection
	GlobalSection(SolutionProperties) = preSolution
		HideSolutionNode = FALSE
	EndGlobalSection
	GlobalSection(ExtensibilityGlobals) = postSolution
		SolutionGuid = {A17C09FB-80F2-4C8C-BC58-BBADF4D02F12}
	EndGlobalSection
EndGlobal
