
Microsoft Visual Studio Solution File, Format Version 12.00
# Visual Studio Version 17
VisualStudioVersion = 17.4.33110.190
MinimumVisualStudioVersion = 10.0.40219.1
Project("{FAE04EC0-301F-11D3-BF4B-00C04F79EFBC}") = "Final4-1175", "Final4-1175\Final4-1175.csproj", "{7693BC75-7F8C-4AF9-9EAE-019666738B05}"
EndProject
Global
	GlobalSection(SolutionConfigurationPlatforms) = preSolution
		Debug|Any CPU = Debug|Any CPU
		Release|Any CPU = Release|Any CPU
	EndGlobalSection
	GlobalSection(ProjectConfigurationPlatforms) = postSolution
		{7693BC75-7F8C-4AF9-9EAE-019666738B05}.Debug|Any CPU.ActiveCfg = Debug|Any CPU
		{7693BC75-7F8C-4AF9-9EAE-019666738B05}.Debug|Any CPU.Build.0 = Debug|Any CPU
		{7693BC75-7F8C-4AF9-9EAE-019666738B05}.Release|Any CPU.ActiveCfg = Release|Any CPU
		{7693BC75-7F8C-4AF9-9EAE-019666738B05}.Release|Any CPU.Build.0 = Release|Any CPU
	EndGlobalSection
	GlobalSection(SolutionProperties) = preSolution
		HideSolutionNode = FALSE
	EndGlobalSection
	GlobalSection(ExtensibilityGlobals) = postSolution
		SolutionGuid = {F764C6B9-AF10-4711-A710-00E48C36D252}
	EndGlobalSection
EndGlobal
