
Microsoft Visual Studio Solution File, Format Version 12.00
# Visual Studio Version 17
VisualStudioVersion = 17.4.33110.190
MinimumVisualStudioVersion = 10.0.40219.1
Project("{FAE04EC0-301F-11D3-BF4B-00C04F79EFBC}") = "UserIdentifiers", "UserIdentifiers\UserIdentifiers.csproj", "{8FDD0BD0-52B9-490F-B4C8-EEF909C80CA2}"
EndProject
Global
	GlobalSection(SolutionConfigurationPlatforms) = preSolution
		Debug|Any CPU = Debug|Any CPU
		Release|Any CPU = Release|Any CPU
	EndGlobalSection
	GlobalSection(ProjectConfigurationPlatforms) = postSolution
		{8FDD0BD0-52B9-490F-B4C8-EEF909C80CA2}.Debug|Any CPU.ActiveCfg = Debug|Any CPU
		{8FDD0BD0-52B9-490F-B4C8-EEF909C80CA2}.Debug|Any CPU.Build.0 = Debug|Any CPU
		{8FDD0BD0-52B9-490F-B4C8-EEF909C80CA2}.Release|Any CPU.ActiveCfg = Release|Any CPU
		{8FDD0BD0-52B9-490F-B4C8-EEF909C80CA2}.Release|Any CPU.Build.0 = Release|Any CPU
	EndGlobalSection
	GlobalSection(SolutionProperties) = preSolution
		HideSolutionNode = FALSE
	EndGlobalSection
	GlobalSection(ExtensibilityGlobals) = postSolution
		SolutionGuid = {7A8B20DA-6BC4-4C03-BAF8-B2649E6D3CD9}
	EndGlobalSection
EndGlobal
