
Microsoft Visual Studio Solution File, Format Version 12.00
# Visual Studio Version 17
VisualStudioVersion = 17.4.33110.190
MinimumVisualStudioVersion = 10.0.40219.1
Project("{FAE04EC0-301F-11D3-BF4B-00C04F79EFBC}") = "SampleFormsPractice", "SampleFormsPractice\SampleFormsPractice.csproj", "{A396B118-CFD2-4C33-AC51-B891B4422B03}"
EndProject
Global
	GlobalSection(SolutionConfigurationPlatforms) = preSolution
		Debug|Any CPU = Debug|Any CPU
		Release|Any CPU = Release|Any CPU
	EndGlobalSection
	GlobalSection(ProjectConfigurationPlatforms) = postSolution
		{A396B118-CFD2-4C33-AC51-B891B4422B03}.Debug|Any CPU.ActiveCfg = Debug|Any CPU
		{A396B118-CFD2-4C33-AC51-B891B4422B03}.Debug|Any CPU.Build.0 = Debug|Any CPU
		{A396B118-CFD2-4C33-AC51-B891B4422B03}.Release|Any CPU.ActiveCfg = Release|Any CPU
		{A396B118-CFD2-4C33-AC51-B891B4422B03}.Release|Any CPU.Build.0 = Release|Any CPU
	EndGlobalSection
	GlobalSection(SolutionProperties) = preSolution
		HideSolutionNode = FALSE
	EndGlobalSection
	GlobalSection(ExtensibilityGlobals) = postSolution
		SolutionGuid = {C3B7789F-7B51-409F-9607-83AAAB4C22E6}
	EndGlobalSection
EndGlobal
